
Microsoft Visual Studio Solution File, Format Version 12.00
# Visual Studio Version 17
VisualStudioVersion = 17.14.36301.6 d17.14
MinimumVisualStudioVersion = 10.0.40219.1
Project("{FAE04EC0-301F-11D3-BF4B-00C04F79EFBC}") = "Pharmacy_DAL", "Pharmacy_DAL\Pharmacy_DAL.csproj", "{E3775AFA-0527-4700-8BEA-D1B4314D9C5D}"
EndProject
Project("{FAE04EC0-301F-11D3-BF4B-00C04F79EFBC}") = "Pharmacy_BLL", "Pharmacy_BLL\Pharmacy_BLL.csproj", "{04465DFE-C5E6-4880-8ED4-1797757A12A6}"
EndProject
Project("{FAE04EC0-301F-11D3-BF4B-00C04F79EFBC}") = "Pharmacy", "Pharmacy\Pharmacy.csproj", "{994298A8-FF88-4C92-B00A-75137F49FD03}"
EndProject
Global
	GlobalSection(SolutionConfigurationPlatforms) = preSolution
		Debug|Any CPU = Debug|Any CPU
		Release|Any CPU = Release|Any CPU
	EndGlobalSection
	GlobalSection(ProjectConfigurationPlatforms) = postSolution
		{E3775AFA-0527-4700-8BEA-D1B4314D9C5D}.Debug|Any CPU.ActiveCfg = Debug|Any CPU
		{E3775AFA-0527-4700-8BEA-D1B4314D9C5D}.Debug|Any CPU.Build.0 = Debug|Any CPU
		{E3775AFA-0527-4700-8BEA-D1B4314D9C5D}.Release|Any CPU.ActiveCfg = Release|Any CPU
		{E3775AFA-0527-4700-8BEA-D1B4314D9C5D}.Release|Any CPU.Build.0 = Release|Any CPU
		{04465DFE-C5E6-4880-8ED4-1797757A12A6}.Debug|Any CPU.ActiveCfg = Debug|Any CPU
		{04465DFE-C5E6-4880-8ED4-1797757A12A6}.Debug|Any CPU.Build.0 = Debug|Any CPU
		{04465DFE-C5E6-4880-8ED4-1797757A12A6}.Release|Any CPU.ActiveCfg = Release|Any CPU
		{04465DFE-C5E6-4880-8ED4-1797757A12A6}.Release|Any CPU.Build.0 = Release|Any CPU
		{994298A8-FF88-4C92-B00A-75137F49FD03}.Debug|Any CPU.ActiveCfg = Debug|Any CPU
		{994298A8-FF88-4C92-B00A-75137F49FD03}.Debug|Any CPU.Build.0 = Debug|Any CPU
		{994298A8-FF88-4C92-B00A-75137F49FD03}.Release|Any CPU.ActiveCfg = Release|Any CPU
		{994298A8-FF88-4C92-B00A-75137F49FD03}.Release|Any CPU.Build.0 = Release|Any CPU
	EndGlobalSection
	GlobalSection(SolutionProperties) = preSolution
		HideSolutionNode = FALSE
	EndGlobalSection
	GlobalSection(ExtensibilityGlobals) = postSolution
		SolutionGuid = {2BF4C733-D1DF-4895-A16F-6188A4B83885}
	EndGlobalSection
EndGlobal
